
Microsoft Visual Studio Solution File, Format Version 12.00
# Visual Studio Version 17
VisualStudioVersion = 17.12.35209.166
MinimumVisualStudioVersion = 10.0.40219.1
Project("{FAE04EC0-301F-11D3-BF4B-00C04F79EFBC}") = "Blackhawks", "Blackhawks\Blackhawks.csproj", "{D5C75FEF-2FD3-489A-86F3-6A28D13EDBD8}"
EndProject
Project("{2150E333-8FDC-42A3-9474-1A3956D46DE8}") = "Deploy", "Deploy", "{8C850043-5E87-428C-B937-6FF9203B2899}"
EndProject
Project("{2150E333-8FDC-42A3-9474-1A3956D46DE8}") = "AWS", "AWS", "{FBC3285E-7935-4926-AED0-227DD8ED329A}"
EndProject
Project("{FAE04EC0-301F-11D3-BF4B-00C04F79EFBC}") = "BlackhawksData", "BlackhawksData\BlackhawksData.csproj", "{4059FED8-4C07-408D-AAEE-FD7C21196A68}"
EndProject
Global
	GlobalSection(SolutionConfigurationPlatforms) = preSolution
		Debug|Any CPU = Debug|Any CPU
		Release|Any CPU = Release|Any CPU
	EndGlobalSection
	GlobalSection(ProjectConfigurationPlatforms) = postSolution
		{D5C75FEF-2FD3-489A-86F3-6A28D13EDBD8}.Debug|Any CPU.ActiveCfg = Debug|Any CPU
		{D5C75FEF-2FD3-489A-86F3-6A28D13EDBD8}.Debug|Any CPU.Build.0 = Debug|Any CPU
		{D5C75FEF-2FD3-489A-86F3-6A28D13EDBD8}.Release|Any CPU.ActiveCfg = Release|Any CPU
		{D5C75FEF-2FD3-489A-86F3-6A28D13EDBD8}.Release|Any CPU.Build.0 = Release|Any CPU
		{4059FED8-4C07-408D-AAEE-FD7C21196A68}.Debug|Any CPU.ActiveCfg = Debug|Any CPU
		{4059FED8-4C07-408D-AAEE-FD7C21196A68}.Debug|Any CPU.Build.0 = Debug|Any CPU
		{4059FED8-4C07-408D-AAEE-FD7C21196A68}.Release|Any CPU.ActiveCfg = Release|Any CPU
		{4059FED8-4C07-408D-AAEE-FD7C21196A68}.Release|Any CPU.Build.0 = Release|Any CPU
	EndGlobalSection
	GlobalSection(SolutionProperties) = preSolution
		HideSolutionNode = FALSE
	EndGlobalSection
	GlobalSection(NestedProjects) = preSolution
		{FBC3285E-7935-4926-AED0-227DD8ED329A} = {8C850043-5E87-428C-B937-6FF9203B2899}
	EndGlobalSection
EndGlobal
